
Microsoft Visual Studio Solution File, Format Version 12.00
# Visual Studio Version 17
VisualStudioVersion = 17.11.35222.181
MinimumVisualStudioVersion = 10.0.40219.1
Project("{FAE04EC0-301F-11D3-BF4B-00C04F79EFBC}") = "PruebaTecnica3.Server", "PruebaTecnica3.Server\PruebaTecnica3.Server.csproj", "{F7ABC184-2B19-4FE8-92B0-77F7BBE3E031}"
EndProject
Project("{54A90642-561A-4BB1-A94E-469ADEE60C69}") = "pruebatecnica3.client", "pruebatecnica3.client\pruebatecnica3.client.esproj", "{CE705F10-F645-4A2C-86E2-57D2E056855C}"
EndProject
Global
	GlobalSection(SolutionConfigurationPlatforms) = preSolution
		Debug|Any CPU = Debug|Any CPU
		Release|Any CPU = Release|Any CPU
	EndGlobalSection
	GlobalSection(ProjectConfigurationPlatforms) = postSolution
		{F7ABC184-2B19-4FE8-92B0-77F7BBE3E031}.Debug|Any CPU.ActiveCfg = Debug|Any CPU
		{F7ABC184-2B19-4FE8-92B0-77F7BBE3E031}.Debug|Any CPU.Build.0 = Debug|Any CPU
		{F7ABC184-2B19-4FE8-92B0-77F7BBE3E031}.Release|Any CPU.ActiveCfg = Release|Any CPU
		{F7ABC184-2B19-4FE8-92B0-77F7BBE3E031}.Release|Any CPU.Build.0 = Release|Any CPU
		{CE705F10-F645-4A2C-86E2-57D2E056855C}.Debug|Any CPU.ActiveCfg = Debug|Any CPU
		{CE705F10-F645-4A2C-86E2-57D2E056855C}.Debug|Any CPU.Build.0 = Debug|Any CPU
		{CE705F10-F645-4A2C-86E2-57D2E056855C}.Debug|Any CPU.Deploy.0 = Debug|Any CPU
		{CE705F10-F645-4A2C-86E2-57D2E056855C}.Release|Any CPU.ActiveCfg = Release|Any CPU
		{CE705F10-F645-4A2C-86E2-57D2E056855C}.Release|Any CPU.Build.0 = Release|Any CPU
		{CE705F10-F645-4A2C-86E2-57D2E056855C}.Release|Any CPU.Deploy.0 = Release|Any CPU
	EndGlobalSection
	GlobalSection(SolutionProperties) = preSolution
		HideSolutionNode = FALSE
	EndGlobalSection
	GlobalSection(ExtensibilityGlobals) = postSolution
		SolutionGuid = {E5919A3E-CAE1-4E85-9751-DF788EEC6F16}
	EndGlobalSection
EndGlobal
